{
  "nodes": {
    "fenix": {
      "inputs": {
        "nixpkgs": [
          "nixpkgs"
        ],
        "rust-analyzer-src": "rust-analyzer-src"
      },
      "locked": {
        "lastModified": 1715063087,
        "narHash": "sha256-cktPkcCmJ2sR0V/FaWEuCWmKuGPbwoMltih/EfF0mXg=",
        "owner": "nix-community",
        "repo": "fenix",
        "rev": "f8f16c1f2c83bea4e51e6522d988ec8bfcc8420e",
        "type": "github"
      },
      "original": {
        "owner": "nix-community",
        "repo": "fenix",
        "type": "github"
      }
    },
    "flake-utils": {
      "inputs": {
        "systems": "systems"
      },
      "locked": {
        "lastModified": 1710146030,
        "narHash": "sha256-SZ5L6eA7HJ/nmkzGG7/ISclqe6oZdOZTNoesiInkXPQ=",
        "owner": "numtide",
        "repo": "flake-utils",
        "rev": "b1d9ab70662946ef0850d488da1c9019f3a9752a",
        "type": "github"
      },
      "original": {
        "owner": "numtide",
        "repo": "flake-utils",
        "type": "github"
      }
    },
    "gitignore": {
      "inputs": {
        "nixpkgs": [
          "nixpkgs"
        ]
      },
      "locked": {
        "lastModified": 1709087332,
        "narHash": "sha256-HG2cCnktfHsKV0s4XW83gU3F57gaTljL9KNSuG6bnQs=",
        "owner": "hercules-ci",
        "repo": "gitignore.nix",
        "rev": "637db329424fd7e46cf4185293b9cc8c88c95394",
        "type": "github"
      },
      "original": {
        "owner": "hercules-ci",
        "repo": "gitignore.nix",
        "type": "github"
      }
    },
    "nixNpmBuildPackage": {
      "inputs": {
        "nixpkgs": "nixpkgs"
      },
      "locked": {
        "lastModified": 1686315622,
        "narHash": "sha256-ccqZqY6wUFot0ewyNKQUrMR6IEliGza+pjKoSVMXIeM=",
        "owner": "serokell",
        "repo": "nix-npm-buildpackage",
        "rev": "991a792bccd611842f6bc1aa99fe80380ad68d44",
        "type": "github"
      },
      "original": {
        "owner": "serokell",
        "repo": "nix-npm-buildpackage",
        "type": "github"
      }
    },
    "nixpkgs": {
      "locked": {
        "lastModified": 1653917367,
        "narHash": "sha256-04MsJC0g9kE01nBuXThMppZK+yvCZECQnUaZKSU+HJo=",
        "owner": "NixOS",
        "repo": "nixpkgs",
        "rev": "437c8e6554911095f0557d524e9d2ffe1c26e33a",
        "type": "github"
      },
      "original": {
        "id": "nixpkgs",
        "type": "indirect"
      }
    },
    "nixpkgs_2": {
      "locked": {
        "lastModified": 1714076141,
        "narHash": "sha256-Drmja/f5MRHZCskS6mvzFqxEaZMeciScCTFxWVLqWEY=",
        "owner": "nixos",
        "repo": "nixpkgs",
        "rev": "7bb2ccd8cdc44c91edba16c48d2c8f331fb3d856",
        "type": "github"
      },
      "original": {
        "owner": "nixos",
        "ref": "nixos-unstable",
        "repo": "nixpkgs",
        "type": "github"
      }
    },
    "root": {
      "inputs": {
        "fenix": "fenix",
        "flake-utils": "flake-utils",
        "gitignore": "gitignore",
        "nixNpmBuildPackage": "nixNpmBuildPackage",
        "nixpkgs": "nixpkgs_2"
      }
    },
    "rust-analyzer-src": {
      "flake": false,
      "locked": {
        "lastModified": 1714936835,
        "narHash": "sha256-M+PpgfRMBfHo8Jb2ou/s3maAZbps0XnuHXQU9Hv9vL0=",
        "owner": "rust-lang",
        "repo": "rust-analyzer",
        "rev": "c4618fe14d39992fbbb85c2d6cad028a232c13d2",
        "type": "github"
      },
      "original": {
        "owner": "rust-lang",
        "ref": "nightly",
        "repo": "rust-analyzer",
        "type": "github"
      }
    },
    "systems": {
      "locked": {
        "lastModified": 1681028828,
        "narHash": "sha256-Vy1rq5AaRuLzOxct8nz4T6wlgyUR7zLU309k9mBC768=",
        "owner": "nix-systems",
        "repo": "default",
        "rev": "da67096a3b9bf56a91d16901293e51ba5b49a27e",
        "type": "github"
      },
      "original": {
        "owner": "nix-systems",
        "repo": "default",
        "type": "github"
      }
    }
  },
  "root": "root",
  "version": 7
}
